// !$*UTF8*$!
{
	archiveVersion = 1;
	classes = {
	};
	objectVersion = 50;
	objects = {

/* Begin PBXBuildFile section */
		8DA2BA0124CAF27500476C64 /* TestModel.swift in Sources */ = {isa = PBXBuildFile; fileRef = 8DA2BA0024CAF27500476C64 /* TestModel.swift */; };
		A45ABC7924C95DEF005BC1A8 /* AppDelegate.swift in Sources */ = {isa = PBXBuildFile; fileRef = A45ABC7824C95DEF005BC1A8 /* AppDelegate.swift */; };
		A45ABC7B24C95DEF005BC1A8 /* SceneDelegate.swift in Sources */ = {isa = PBXBuildFile; fileRef = A45ABC7A24C95DEF005BC1A8 /* SceneDelegate.swift */; };
		A45ABC7D24C95DEF005BC1A8 /* ViewController.swift in Sources */ = {isa = PBXBuildFile; fileRef = A45ABC7C24C95DEF005BC1A8 /* ViewController.swift */; };
		A45ABC8024C95DEF005BC1A8 /* Main.storyboard in Resources */ = {isa = PBXBuildFile; fileRef = A45ABC7E24C95DEF005BC1A8 /* Main.storyboard */; };
		A45ABC8224C95DF0005BC1A8 /* Assets.xcassets in Resources */ = {isa = PBXBuildFile; fileRef = A45ABC8124C95DF0005BC1A8 /* Assets.xcassets */; };
		A45ABC8524C95DF0005BC1A8 /* LaunchScreen.storyboard in Resources */ = {isa = PBXBuildFile; fileRef = A45ABC8324C95DF0005BC1A8 /* LaunchScreen.storyboard */; };
/* End PBXBuildFile section */

/* Begin PBXFileReference section */
		8DA2BA0024CAF27500476C64 /* TestModel.swift */ = {isa = PBXFileReference; lastKnownFileType = sourcecode.swift; path = TestModel.swift; sourceTree = "<group>"; };
		A45ABC7524C95DEF005BC1A8 /* MVCP.app */ = {isa = PBXFileReference; explicitFileType = wrapper.application; includeInIndex = 0; path = MVCP.app; sourceTree = BUILT_PRODUCTS_DIR; };
		A45ABC7824C95DEF005BC1A8 /* AppDelegate.swift */ = {isa = PBXFileReference; lastKnownFileType = sourcecode.swift; path = AppDelegate.swift; sourceTree = "<group>"; };
		A45ABC7A24C95DEF005BC1A8 /* SceneDelegate.swift */ = {isa = PBXFileReference; lastKnownFileType = sourcecode.swift; path = SceneDelegate.swift; sourceTree = "<group>"; };
		A45ABC7C24C95DEF005BC1A8 /* ViewController.swift */ = {isa = PBXFileReference; lastKnownFileType = sourcecode.swift; path = ViewController.swift; sourceTree = "<group>"; };
		A45ABC7F24C95DEF005BC1A8 /* Base */ = {isa = PBXFileReference; lastKnownFileType = file.storyboard; name = Base; path = Base.lproj/Main.storyboard; sourceTree = "<group>"; };
		A45ABC8124C95DF0005BC1A8 /* Assets.xcassets */ = {isa = PBXFileReference; lastKnownFileType = folder.assetcatalog; path = Assets.xcassets; sourceTree = "<group>"; };
		A45ABC8424C95DF0005BC1A8 /* Base */ = {isa = PBXFileReference; lastKnownFileType = file.storyboard; name = Base; path = Base.lproj/LaunchScreen.storyboard; sourceTree = "<group>"; };
		A45ABC8624C95DF0005BC1A8 /* Info.plist */ = {isa = PBXFileReference; lastKnownFileType = text.plist.xml; path = Info.plist; sourceTree = "<group>"; };
/* End PBXFileReference section */

/* Begin PBXFrameworksBuildPhase section */
		A45ABC7224C95DEF005BC1A8 /* Frameworks */ = {
			isa = PBXFrameworksBuildPhase;
			buildActionMask = 2147483647;
			files = (
			);
			runOnlyForDeploymentPostprocessing = 0;
		};
/* End PBXFrameworksBuildPhase section */

/* Begin PBXGroup section */
		8DA2B9FF24CAF22F00476C64 /* GtestModel */ = {
			isa = PBXGroup;
			children = (
				8DA2BA0024CAF27500476C64 /* TestModel.swift */,
			);
			path = GtestModel;
			sourceTree = "<group>";
		};
		A45ABC6C24C95DEF005BC1A8 = {
			isa = PBXGroup;
			children = (
				A45ABC7724C95DEF005BC1A8 /* MVCP */,
				A45ABC7624C95DEF005BC1A8 /* Products */,
			);
			sourceTree = "<group>";
		};
		A45ABC7624C95DEF005BC1A8 /* Products */ = {
			isa = PBXGroup;
			children = (
				A45ABC7524C95DEF005BC1A8 /* MVCP.app */,
			);
			name = Products;
			sourceTree = "<group>";
		};
		A45ABC7724C95DEF005BC1A8 /* MVCP */ = {
			isa = PBXGroup;
			children = (
				8DA2B9FF24CAF22F00476C64 /* GtestModel */,
				A45ABC7824C95DEF005BC1A8 /* AppDelegate.swift */,
				A45ABC7A24C95DEF005BC1A8 /* SceneDelegate.swift */,
				A45ABC7C24C95DEF005BC1A8 /* ViewController.swift */,
				A45ABC7E24C95DEF005BC1A8 /* Main.storyboard */,
				A45ABC8124C95DF0005BC1A8 /* Assets.xcassets */,
				A45ABC8324C95DF0005BC1A8 /* LaunchScreen.storyboard */,
				A45ABC8624C95DF0005BC1A8 /* Info.plist */,
			);
			path = MVCP;
			sourceTree = "<group>";
		};
/* End PBXGroup section */

/* Begin PBXNativeTarget section */
		A45ABC7424C95DEF005BC1A8 /* MVCP */ = {
			isa = PBXNativeTarget;
			buildConfigurationList = A45ABC8924C95DF0005BC1A8 /* Build configuration list for PBXNativeTarget "MVCP" */;
			buildPhases = (
				A45ABC7124C95DEF005BC1A8 /* Sources */,
				A45ABC7224C95DEF005BC1A8 /* Frameworks */,
				A45ABC7324C95DEF005BC1A8 /* Resources */,
			);
			buildRules = (
			);
			dependencies = (
			);
			name = MVCP;
			productName = MVCP;
			productReference = A45ABC7524C95DEF005BC1A8 /* MVCP.app */;
			productType = "com.apple.product-type.application";
		};
/* End PBXNativeTarget section */

/* Begin PBXProject section */
		A45ABC6D24C95DEF005BC1A8 /* Project object */ = {
			isa = PBXProject;
			attributes = {
				LastSwiftUpdateCheck = 1160;
				LastUpgradeCheck = 1160;
				ORGANIZATIONNAME = "Yuta Fujii";
				TargetAttributes = {
					A45ABC7424C95DEF005BC1A8 = {
						CreatedOnToolsVersion = 11.6;
					};
				};
			};
			buildConfigurationList = A45ABC7024C95DEF005BC1A8 /* Build configuration list for PBXProject "MVCP" */;
			compatibilityVersion = "Xcode 9.3";
			developmentRegion = en;
			hasScannedForEncodings = 0;
			knownRegions = (
				en,
				Base,
			);
			mainGroup = A45ABC6C24C95DEF005BC1A8;
			productRefGroup = A45ABC7624C95DEF005BC1A8 /* Products */;
			projectDirPath = "";
			projectRoot = "";
			targets = (
				A45ABC7424C95DEF005BC1A8 /* MVCP */,
			);
		};
/* End PBXProject section */

/* Begin PBXResourcesBuildPhase section */
		A45ABC7324C95DEF005BC1A8 /* Resources */ = {
			isa = PBXResourcesBuildPhase;
			buildActionMask = 2147483647;
			files = (
				A45ABC8524C95DF0005BC1A8 /* LaunchScreen.storyboard in Resources */,
				A45ABC8224C95DF0005BC1A8 /* Assets.xcassets in Resources */,
				A45ABC8024C95DEF005BC1A8 /* Main.storyboard in Resources */,
			);
			runOnlyForDeploymentPostprocessing = 0;
		};
/* End PBXResourcesBuildPhase section */

/* Begin PBXSourcesBuildPhase section */
		A45ABC7124C95DEF005BC1A8 /* Sources */ = {
			isa = PBXSourcesBuildPhase;
			buildActionMask = 2147483647;
			files = (
				A45ABC7D24C95DEF005BC1A8 /* ViewController.swift in Sources */,
				A45ABC7924C95DEF005BC1A8 /* AppDelegate.swift in Sources */,
				A45ABC7B24C95DEF005BC1A8 /* SceneDelegate.swift in Sources */,
				8DA2BA0124CAF27500476C64 /* TestModel.swift in Sources */,
			);
			runOnlyForDeploymentPostprocessing = 0;
		};
/* End PBXSourcesBuildPhase section */

/* Begin PBXVariantGroup section */
		A45ABC7E24C95DEF005BC1A8 /* Main.storyboard */ = {
			isa = PBXVariantGroup;
			children = (
				A45ABC7F24C95DEF005BC1A8 /* Base */,
			);
			name = Main.storyboard;
			sourceTree = "<group>";
		};
		A45ABC8324C95DF0005BC1A8 /* LaunchScreen.storyboard */ = {
			isa = PBXVariantGroup;
			children = (
				A45ABC8424C95DF0005BC1A8 /* Base */,
			);
			name = LaunchScreen.storyboard;
			sourceTree = "<group>";
		};
/* End PBXVariantGroup section */

/* Begin XCBuildConfiguration section */
		A45ABC8724C95DF0005BC1A8 /* Debug */ = {
			isa = XCBuildConfiguration;
			buildSettings = {
				ALWAYS_SEARCH_USER_PATHS = NO;
				CLANG_ANALYZER_NONNULL = YES;
				CLANG_ANALYZER_NUMBER_OBJECT_CONVERSION = YES_AGGRESSIVE;
				CLANG_CXX_LANGUAGE_STANDARD = "gnu++14";
				CLANG_CXX_LIBRARY = "libc++";
				CLANG_ENABLE_MODULES = YES;
				CLANG_ENABLE_OBJC_ARC = YES;
				CLANG_ENABLE_OBJC_WEAK = YES;
				CLANG_WARN_BLOCK_CAPTURE_AUTORELEASING = YES;
				CLANG_WARN_BOOL_CONVERSION = YES;
				CLANG_WARN_COMMA = YES;
				CLANG_WARN_CONSTANT_CONVERSION = YES;
				CLANG_WARN_DEPRECATED_OBJC_IMPLEMENTATIONS = YES;
				CLANG_WARN_DIRECT_OBJC_ISA_USAGE = YES_ERROR;
				CLANG_WARN_DOCUMENTATION_COMMENTS = YES;
				CLANG_WARN_EMPTY_BODY = YES;
				CLANG_WARN_ENUM_CONVERSION = YES;
				CLANG_WARN_INFINITE_RECURSION = YES;
				CLANG_WARN_INT_CONVERSION = YES;
				CLANG_WARN_NON_LITERAL_NULL_CONVERSION = YES;
				CLANG_WARN_OBJC_IMPLICIT_RETAIN_SELF = YES;
				CLANG_WARN_OBJC_LITERAL_CONVERSION = YES;
				CLANG_WARN_OBJC_ROOT_CLASS = YES_ERROR;
				CLANG_WARN_RANGE_LOOP_ANALYSIS = YES;
				CLANG_WARN_STRICT_PROTOTYPES = YES;
				CLANG_WARN_SUSPICIOUS_MOVE = YES;
				CLANG_WARN_UNGUARDED_AVAILABILITY = YES_AGGRESSIVE;
				CLANG_WARN_UNREACHABLE_CODE = YES;
				CLANG_WARN__DUPLICATE_METHOD_MATCH = YES;
				COPY_PHASE_STRIP = NO;
				DEBUG_INFORMATION_FORMAT = dwarf;
				ENABLE_STRICT_OBJC_MSGSEND = YES;
				ENABLE_TESTABILITY = YES;
				GCC_C_LANGUAGE_STANDARD = gnu11;
				GCC_DYNAMIC_NO_PIC = NO;
				GCC_NO_COMMON_BLOCKS = YES;
				GCC_OPTIMIZATION_LEVEL = 0;
				GCC_PREPROCESSOR_DEFINITIONS = (
					"DEBUG=1",
					"$(inherited)",
				);
				GCC_WARN_64_TO_32_BIT_CONVERSION = YES;
				GCC_WARN_ABOUT_RETURN_TYPE = YES_ERROR;
				GCC_WARN_UNDECLARED_SELECTOR = YES;
				GCC_WARN_UNINITIALIZED_AUTOS = YES_AGGRESSIVE;
				GCC_WARN_UNUSED_FUNCTION = YES;
				GCC_WARN_UNUSED_VARIABLE = YES;
				IPHONEOS_DEPLOYMENT_TARGET = 13.6;
				MTL_ENABLE_DEBUG_INFO = INCLUDE_SOURCE;
				MTL_FAST_MATH = YES;
				ONLY_ACTIVE_ARCH = YES;
				SDKROOT = iphoneos;
				SWIFT_ACTIVE_COMPILATION_CONDITIONS = DEBUG;
				SWIFT_OPTIMIZATION_LEVEL = "-Onone";
			};
			name = Debug;
		};
		A45ABC8824C95DF0005BC1A8 /* Release */ = {
			isa = XCBuildConfiguration;
			buildSettings = {
				ALWAYS_SEARCH_USER_PATHS = NO;
				CLANG_ANALYZER_NONNULL = YES;
				CLANG_ANALYZER_NUMBER_OBJECT_CONVERSION = YES_AGGRESSIVE;
				CLANG_CXX_LANGUAGE_STANDARD = "gnu++14";
				CLANG_CXX_LIBRARY = "libc++";
				CLANG_ENABLE_MODULES = YES;
				CLANG_ENABLE_OBJC_ARC = YES;
				CLANG_ENABLE_OBJC_WEAK = YES;
				CLANG_WARN_BLOCK_CAPTURE_AUTORELEASING = YES;
				CLANG_WARN_BOOL_CONVERSION = YES;
				CLANG_WARN_COMMA = YES;
				CLANG_WARN_CONSTANT_CONVERSION = YES;
				CLANG_WARN_DEPRECATED_OBJC_IMPLEMENTATIONS = YES;
				CLANG_WARN_DIRECT_OBJC_ISA_USAGE = YES_ERROR;
				CLANG_WARN_DOCUMENTATION_COMMENTS = YES;
				CLANG_WARN_EMPTY_BODY = YES;
				CLANG_WARN_ENUM_CONVERSION = YES;
				CLANG_WARN_INFINITE_RECURSION = YES;
				CLANG_WARN_INT_CONVERSION = YES;
				CLANG_WARN_NON_LITERAL_NULL_CONVERSION = YES;
				CLANG_WARN_OBJC_IMPLICIT_RETAIN_SELF = YES;
				CLANG_WARN_OBJC_LITERAL_CONVERSION = YES;
				CLANG_WARN_OBJC_ROOT_CLASS = YES_ERROR;
				CLANG_WARN_RANGE_LOOP_ANALYSIS = YES;
				CLANG_WARN_STRICT_PROTOTYPES = YES;
				CLANG_WARN_SUSPICIOUS_MOVE = YES;
				CLANG_WARN_UNGUARDED_AVAILABILITY = YES_AGGRESSIVE;
				CLANG_WARN_UNREACHABLE_CODE = YES;
				CLANG_WARN__DUPLICATE_METHOD_MATCH = YES;
				COPY_PHASE_STRIP = NO;
				DEBUG_INFORMATION_FORMAT = "dwarf-with-dsym";
				ENABLE_NS_ASSERTIONS = NO;
				ENABLE_STRICT_OBJC_MSGSEND = YES;
				GCC_C_LANGUAGE_STANDARD = gnu11;
				GCC_NO_COMMON_BLOCKS = YES;
				GCC_WARN_64_TO_32_BIT_CONVERSION = YES;
				GCC_WARN_ABOUT_RETURN_TYPE = YES_ERROR;
				GCC_WARN_UNDECLARED_SELECTOR = YES;
				GCC_WARN_UNINITIALIZED_AUTOS = YES_AGGRESSIVE;
				GCC_WARN_UNUSED_FUNCTION = YES;
				GCC_WARN_UNUSED_VARIABLE = YES;
				IPHONEOS_DEPLOYMENT_TARGET = 13.6;
				MTL_ENABLE_DEBUG_INFO = NO;
				MTL_FAST_MATH = YES;
				SDKROOT = iphoneos;
				SWIFT_COMPILATION_MODE = wholemodule;
				SWIFT_OPTIMIZATION_LEVEL = "-O";
				VALIDATE_PRODUCT = YES;
			};
			name = Release;
		};
		A45ABC8A24C95DF0005BC1A8 /* Debug */ = {
			isa = XCBuildConfiguration;
			buildSettings = {
				ASSETCATALOG_COMPILER_APPICON_NAME = AppIcon;
				CODE_SIGN_STYLE = Automatic;
				DEVELOPMENT_TEAM = GM6JZ3P6VD;
				INFOPLIST_FILE = MVCP/Info.plist;
				LD_RUNPATH_SEARCH_PATHS = (
					"$(inherited)",
					"@executable_path/Frameworks",
				);
				PRODUCT_BUNDLE_IDENTIFIER = com.yutaudemy.MVCP;
				PRODUCT_NAME = "$(TARGET_NAME)";
				SWIFT_VERSION = 5.0;
				TARGETED_DEVICE_FAMILY = "1,2";
			};
			name = Debug;
		};
		A45ABC8B24C95DF0005BC1A8 /* Release */ = {
			isa = XCBuildConfiguration;
			buildSettings = {
				ASSETCATALOG_COMPILER_APPICON_NAME = AppIcon;
				CODE_SIGN_STYLE = Automatic;
				DEVELOPMENT_TEAM = GM6JZ3P6VD;
				INFOPLIST_FILE = MVCP/Info.plist;
				LD_RUNPATH_SEARCH_PATHS = (
					"$(inherited)",
					"@executable_path/Frameworks",
				);
				PRODUCT_BUNDLE_IDENTIFIER = com.yutaudemy.MVCP;
				PRODUCT_NAME = "$(TARGET_NAME)";
				SWIFT_VERSION = 5.0;
				TARGETED_DEVICE_FAMILY = "1,2";
			};
			name = Release;
		};
/* End XCBuildConfiguration section */

/* Begin XCConfigurationList section */
		A45ABC7024C95DEF005BC1A8 /* Build configuration list for PBXProject "MVCP" */ = {
			isa = XCConfigurationList;
			buildConfigurations = (
				A45ABC8724C95DF0005BC1A8 /* Debug */,
				A45ABC8824C95DF0005BC1A8 /* Release */,
			);
			defaultConfigurationIsVisible = 0;
			defaultConfigurationName = Release;
		};
		A45ABC8924C95DF0005BC1A8 /* Build configuration list for PBXNativeTarget "MVCP" */ = {
			isa = XCConfigurationList;
			buildConfigurations = (
				A45ABC8A24C95DF0005BC1A8 /* Debug */,
				A45ABC8B24C95DF0005BC1A8 /* Release */,
			);
			defaultConfigurationIsVisible = 0;
			defaultConfigurationName = Release;
		};
/* End XCConfigurationList section */
	};
	rootObject = A45ABC6D24C95DEF005BC1A8 /* Project object */;
}
